
Microsoft Visual Studio Solution File, Format Version 12.00
# Visual Studio Version 17
VisualStudioVersion = 17.2.32616.157
MinimumVisualStudioVersion = 10.0.40219.1
Project("{9A19103F-16F7-4668-BE54-9A1E7A4F7556}") = "CRM_CryptoSystem.API", "CRM_CryptoSystem.API\CRM_CryptoSystem.API.csproj", "{24475846-0AC0-40C6-84A1-1B7C1D14BE65}"
EndProject
Project("{00D1A9C2-B5F0-4AF3-8072-F6C62B433612}") = "CRM_CryptoSystem.DB", "CRM_CryptoSystem.DB\CRM_CryptoSystem.DB.sqlproj", "{B6488E4B-20AD-4CFE-B588-18F6E40D1584}"
EndProject
Project("{9A19103F-16F7-4668-BE54-9A1E7A4F7556}") = "CRM_CryptoSystem.DataLayer", "CRM_CryptoSystem.DataLayer\CRM_CryptoSystem.DataLayer.csproj", "{58E99FAA-0BCC-4C14-9415-466E8D2316EC}"
EndProject
Project("{9A19103F-16F7-4668-BE54-9A1E7A4F7556}") = "CRM_CryptoSystem.BusinessLayer", "CRM_CryptoSystem.BusinessLayer\CRM_CryptoSystem.BusinessLayer.csproj", "{4EC71BDB-1AA1-4D86-B44D-00564A877E6B}"
EndProject
Global
	GlobalSection(SolutionConfigurationPlatforms) = preSolution
		Debug|Any CPU = Debug|Any CPU
		Release|Any CPU = Release|Any CPU
	EndGlobalSection
	GlobalSection(ProjectConfigurationPlatforms) = postSolution
		{24475846-0AC0-40C6-84A1-1B7C1D14BE65}.Debug|Any CPU.ActiveCfg = Debug|Any CPU
		{24475846-0AC0-40C6-84A1-1B7C1D14BE65}.Debug|Any CPU.Build.0 = Debug|Any CPU
		{24475846-0AC0-40C6-84A1-1B7C1D14BE65}.Release|Any CPU.ActiveCfg = Release|Any CPU
		{24475846-0AC0-40C6-84A1-1B7C1D14BE65}.Release|Any CPU.Build.0 = Release|Any CPU
		{B6488E4B-20AD-4CFE-B588-18F6E40D1584}.Debug|Any CPU.ActiveCfg = Debug|Any CPU
		{B6488E4B-20AD-4CFE-B588-18F6E40D1584}.Debug|Any CPU.Build.0 = Debug|Any CPU
		{B6488E4B-20AD-4CFE-B588-18F6E40D1584}.Debug|Any CPU.Deploy.0 = Debug|Any CPU
		{B6488E4B-20AD-4CFE-B588-18F6E40D1584}.Release|Any CPU.ActiveCfg = Release|Any CPU
		{B6488E4B-20AD-4CFE-B588-18F6E40D1584}.Release|Any CPU.Build.0 = Release|Any CPU
		{B6488E4B-20AD-4CFE-B588-18F6E40D1584}.Release|Any CPU.Deploy.0 = Release|Any CPU
		{58E99FAA-0BCC-4C14-9415-466E8D2316EC}.Debug|Any CPU.ActiveCfg = Debug|Any CPU
		{58E99FAA-0BCC-4C14-9415-466E8D2316EC}.Debug|Any CPU.Build.0 = Debug|Any CPU
		{58E99FAA-0BCC-4C14-9415-466E8D2316EC}.Release|Any CPU.ActiveCfg = Release|Any CPU
		{58E99FAA-0BCC-4C14-9415-466E8D2316EC}.Release|Any CPU.Build.0 = Release|Any CPU
		{4EC71BDB-1AA1-4D86-B44D-00564A877E6B}.Debug|Any CPU.ActiveCfg = Debug|Any CPU
		{4EC71BDB-1AA1-4D86-B44D-00564A877E6B}.Debug|Any CPU.Build.0 = Debug|Any CPU
		{4EC71BDB-1AA1-4D86-B44D-00564A877E6B}.Release|Any CPU.ActiveCfg = Release|Any CPU
		{4EC71BDB-1AA1-4D86-B44D-00564A877E6B}.Release|Any CPU.Build.0 = Release|Any CPU
	EndGlobalSection
	GlobalSection(SolutionProperties) = preSolution
		HideSolutionNode = FALSE
	EndGlobalSection
	GlobalSection(ExtensibilityGlobals) = postSolution
		SolutionGuid = {C7FB0128-E750-4D1C-B8A2-C3E0DE16F748}
	EndGlobalSection
EndGlobal
